
Microsoft Visual Studio Solution File, Format Version 12.00
# Visual Studio 15
VisualStudioVersion = 15.0.27130.2024
MinimumVisualStudioVersion = 10.0.40219.1
Project("{FAE04EC0-301F-11D3-BF4B-00C04F79EFBC}") = "TableAsBlocks", "TableAsBlocks\TableAsBlocks.csproj", "{108E0A21-1E4C-4D15-87B0-1744307ABB83}"
EndProject
Global
	GlobalSection(SolutionConfigurationPlatforms) = preSolution
		Debug|Any CPU = Debug|Any CPU
		Release|Any CPU = Release|Any CPU
	EndGlobalSection
	GlobalSection(ProjectConfigurationPlatforms) = postSolution
		{108E0A21-1E4C-4D15-87B0-1744307ABB83}.Debug|Any CPU.ActiveCfg = Debug|Any CPU
		{108E0A21-1E4C-4D15-87B0-1744307ABB83}.Debug|Any CPU.Build.0 = Debug|Any CPU
		{108E0A21-1E4C-4D15-87B0-1744307ABB83}.Release|Any CPU.ActiveCfg = Release|Any CPU
		{108E0A21-1E4C-4D15-87B0-1744307ABB83}.Release|Any CPU.Build.0 = Release|Any CPU
	EndGlobalSection
	GlobalSection(SolutionProperties) = preSolution
		HideSolutionNode = FALSE
	EndGlobalSection
	GlobalSection(ExtensibilityGlobals) = postSolution
		SolutionGuid = {1E4C8FF7-8449-400C-8267-5862DB6E2CB9}
	EndGlobalSection
EndGlobal
