
Microsoft Visual Studio Solution File, Format Version 12.00
# Visual Studio 15
VisualStudioVersion = 15.0.27130.2024
MinimumVisualStudioVersion = 10.0.40219.1
Project("{FAE04EC0-301F-11D3-BF4B-00C04F79EFBC}") = "TravelsOnMap", "TravelsOnMap\TravelsOnMap.csproj", "{A2534366-1CCF-45C1-9A7D-77B822253D30}"
EndProject
Global
	GlobalSection(SolutionConfigurationPlatforms) = preSolution
		Debug|Any CPU = Debug|Any CPU
		Release|Any CPU = Release|Any CPU
	EndGlobalSection
	GlobalSection(ProjectConfigurationPlatforms) = postSolution
		{A2534366-1CCF-45C1-9A7D-77B822253D30}.Debug|Any CPU.ActiveCfg = Debug|Any CPU
		{A2534366-1CCF-45C1-9A7D-77B822253D30}.Debug|Any CPU.Build.0 = Debug|Any CPU
		{A2534366-1CCF-45C1-9A7D-77B822253D30}.Release|Any CPU.ActiveCfg = Release|Any CPU
		{A2534366-1CCF-45C1-9A7D-77B822253D30}.Release|Any CPU.Build.0 = Release|Any CPU
	EndGlobalSection
	GlobalSection(SolutionProperties) = preSolution
		HideSolutionNode = FALSE
	EndGlobalSection
	GlobalSection(ExtensibilityGlobals) = postSolution
		SolutionGuid = {4C030747-30C2-47DD-BB39-B74F5712012C}
	EndGlobalSection
EndGlobal
